
Microsoft Visual Studio Solution File, Format Version 12.00
# Visual Studio 15
Project("{FAE04EC0-301F-11D3-BF4B-00C04F79EFBC}") = "TourWebApp", "TourWebApp\TourWebApp.csproj", "{B7DB3E79-F42B-4C85-9180-D0F138F44C26}"
EndProject
Global
	GlobalSection(SolutionConfigurationPlatforms) = preSolution
		Debug|Any CPU = Debug|Any CPU
		Release|Any CPU = Release|Any CPU
	EndGlobalSection
	GlobalSection(ProjectConfigurationPlatforms) = postSolution
		{B7DB3E79-F42B-4C85-9180-D0F138F44C26}.Debug|Any CPU.ActiveCfg = Debug|Any CPU
		{B7DB3E79-F42B-4C85-9180-D0F138F44C26}.Debug|Any CPU.Build.0 = Debug|Any CPU
		{B7DB3E79-F42B-4C85-9180-D0F138F44C26}.Release|Any CPU.ActiveCfg = Release|Any CPU
		{B7DB3E79-F42B-4C85-9180-D0F138F44C26}.Release|Any CPU.Build.0 = Release|Any CPU
	EndGlobalSection
EndGlobal
